PODS:
  - BXWebAppViewController (0.1.1):
    - PinAuto
    - ReachabilitySwift
  - PinAuto (1.4)
  - ReachabilitySwift (2.3.3)

DEPENDENCIES:
  - BXWebAppViewController (from `../`)

EXTERNAL SOURCES:
  BXWebAppViewController:
    :path: ../

SPEC CHECKSUMS:
  BXWebAppViewController: a4c1c995482cb8fa02e00d6ff5fd719ac4a07ae9
  PinAuto: 45f7dbc894aa5bfa7c9c90f07856b8dff3046e6c
  ReachabilitySwift: e0f6b6f280effb47731acfaaa2d5ffe223703793

PODFILE CHECKSUM: 5608ea3939cc977fac89044d5fe3e43013aadc41

COCOAPODS: 1.0.0.beta.4
